
Microsoft Visual Studio Solution File, Format Version 12.00
# Visual Studio 15
VisualStudioVersion = 15.0.28010.2026
MinimumVisualStudioVersion = 10.0.40219.1
Project("{FAE04EC0-301F-11D3-BF4B-00C04F79EFBC}") = "MeanMedianAvarage", "MeanMedianAvarage\MeanMedianAvarage.csproj", "{B848A6EA-BCC9-417E-B792-169702A50AF3}"
EndProject
Project("{FAE04EC0-301F-11D3-BF4B-00C04F79EFBC}") = "MeanMedianAvarageTests", "MeanMedianAvarageTests\MeanMedianAvarageTests.csproj", "{32E3DD7B-612C-4085-9580-766933A85C36}"
EndProject
Project("{FAE04EC0-301F-11D3-BF4B-00C04F79EFBC}") = "WeightedAvarage", "WeightedAvarage\WeightedAvarage.csproj", "{AFA9A393-C785-4020-A243-FD3E873E8FBA}"
EndProject
Project("{FAE04EC0-301F-11D3-BF4B-00C04F79EFBC}") = "WeightedAvarageTests", "WeightedAvarageTests\WeightedAvarageTests.csproj", "{6ADB9225-9F65-4097-92DC-5CF644CCC371}"
EndProject
Project("{FAE04EC0-301F-11D3-BF4B-00C04F79EFBC}") = "Test", "Test\Test.csproj", "{513FF0B2-42D6-431E-A65F-85BB0DC3D160}"
EndProject
Project("{FAE04EC0-301F-11D3-BF4B-00C04F79EFBC}") = "Quartiles", "Quartiles\Quartiles.csproj", "{5442C13D-F141-40E0-8DBE-7B44EBAA13EB}"
EndProject
Project("{FAE04EC0-301F-11D3-BF4B-00C04F79EFBC}") = "QuartilesTests", "QuartilesTests\QuartilesTests.csproj", "{09863EAB-91EE-4350-BA3B-F18C82EFB3B0}"
EndProject
Project("{FAE04EC0-301F-11D3-BF4B-00C04F79EFBC}") = "InterquartileRange", "InterquartileRange\InterquartileRange.csproj", "{A18F6BF8-3E93-48F2-BE9B-3E02F720F8B1}"
EndProject
Project("{FAE04EC0-301F-11D3-BF4B-00C04F79EFBC}") = "InterquartileRangeTests", "InterquartileRangeTests\InterquartileRangeTests.csproj", "{828C7469-ED7E-4DC8-B710-AA5CCF812109}"
EndProject
Project("{FAE04EC0-301F-11D3-BF4B-00C04F79EFBC}") = "StandartDeviation", "StandartDeviation\StandartDeviation.csproj", "{C84136A5-5741-4517-9E94-BB93AF3DF1B5}"
EndProject
Project("{FAE04EC0-301F-11D3-BF4B-00C04F79EFBC}") = "StandartDeviationTests", "StandartDeviationTests\StandartDeviationTests.csproj", "{1893E7FA-90BF-4FE5-9404-C7F200966589}"
EndProject
Project("{FAE04EC0-301F-11D3-BF4B-00C04F79EFBC}") = "ReviewLoop", "reviewloop\ReviewLoop.csproj", "{BA40E6A8-7B9D-4019-96FE-A6256AAE32FA}"
EndProject
Project("{FAE04EC0-301F-11D3-BF4B-00C04F79EFBC}") = "Dictionary", "Dictionary\Dictionary.csproj", "{944D72B3-17BC-40F4-AED4-73E4288119D0}"
EndProject
Project("{FAE04EC0-301F-11D3-BF4B-00C04F79EFBC}") = "Recursion", "Recursion\Recursion.csproj", "{35677D3B-0F81-4D9F-A0CE-A248C2146511}"
EndProject
Project("{FAE04EC0-301F-11D3-BF4B-00C04F79EFBC}") = "CountBinaryOnes", "CountBinaryOnes\CountBinaryOnes.csproj", "{25CAB6A0-A221-4F1E-B721-27566F1CAE9F}"
EndProject
Project("{FAE04EC0-301F-11D3-BF4B-00C04F79EFBC}") = "Array2D", "Array2D\Array2D.csproj", "{0E8EDDDC-F7EB-41A9-82DD-2F0ABD5A305F}"
EndProject
Project("{FAE04EC0-301F-11D3-BF4B-00C04F79EFBC}") = "Array2DTests", "Array2DTests\Array2DTests.csproj", "{505DFD5F-2565-4338-A2EF-5140F2020822}"
EndProject
Global
	GlobalSection(SolutionConfigurationPlatforms) = preSolution
		Debug|Any CPU = Debug|Any CPU
		Release|Any CPU = Release|Any CPU
	EndGlobalSection
	GlobalSection(ProjectConfigurationPlatforms) = postSolution
		{B848A6EA-BCC9-417E-B792-169702A50AF3}.Debug|Any CPU.ActiveCfg = Debug|Any CPU
		{B848A6EA-BCC9-417E-B792-169702A50AF3}.Debug|Any CPU.Build.0 = Debug|Any CPU
		{B848A6EA-BCC9-417E-B792-169702A50AF3}.Release|Any CPU.ActiveCfg = Release|Any CPU
		{B848A6EA-BCC9-417E-B792-169702A50AF3}.Release|Any CPU.Build.0 = Release|Any CPU
		{32E3DD7B-612C-4085-9580-766933A85C36}.Debug|Any CPU.ActiveCfg = Debug|Any CPU
		{32E3DD7B-612C-4085-9580-766933A85C36}.Debug|Any CPU.Build.0 = Debug|Any CPU
		{32E3DD7B-612C-4085-9580-766933A85C36}.Release|Any CPU.ActiveCfg = Release|Any CPU
		{32E3DD7B-612C-4085-9580-766933A85C36}.Release|Any CPU.Build.0 = Release|Any CPU
		{AFA9A393-C785-4020-A243-FD3E873E8FBA}.Debug|Any CPU.ActiveCfg = Debug|Any CPU
		{AFA9A393-C785-4020-A243-FD3E873E8FBA}.Debug|Any CPU.Build.0 = Debug|Any CPU
		{AFA9A393-C785-4020-A243-FD3E873E8FBA}.Release|Any CPU.ActiveCfg = Release|Any CPU
		{AFA9A393-C785-4020-A243-FD3E873E8FBA}.Release|Any CPU.Build.0 = Release|Any CPU
		{6ADB9225-9F65-4097-92DC-5CF644CCC371}.Debug|Any CPU.ActiveCfg = Debug|Any CPU
		{6ADB9225-9F65-4097-92DC-5CF644CCC371}.Debug|Any CPU.Build.0 = Debug|Any CPU
		{6ADB9225-9F65-4097-92DC-5CF644CCC371}.Release|Any CPU.ActiveCfg = Release|Any CPU
		{6ADB9225-9F65-4097-92DC-5CF644CCC371}.Release|Any CPU.Build.0 = Release|Any CPU
		{513FF0B2-42D6-431E-A65F-85BB0DC3D160}.Debug|Any CPU.ActiveCfg = Debug|Any CPU
		{513FF0B2-42D6-431E-A65F-85BB0DC3D160}.Debug|Any CPU.Build.0 = Debug|Any CPU
		{513FF0B2-42D6-431E-A65F-85BB0DC3D160}.Release|Any CPU.ActiveCfg = Release|Any CPU
		{513FF0B2-42D6-431E-A65F-85BB0DC3D160}.Release|Any CPU.Build.0 = Release|Any CPU
		{5442C13D-F141-40E0-8DBE-7B44EBAA13EB}.Debug|Any CPU.ActiveCfg = Debug|Any CPU
		{5442C13D-F141-40E0-8DBE-7B44EBAA13EB}.Debug|Any CPU.Build.0 = Debug|Any CPU
		{5442C13D-F141-40E0-8DBE-7B44EBAA13EB}.Release|Any CPU.ActiveCfg = Release|Any CPU
		{5442C13D-F141-40E0-8DBE-7B44EBAA13EB}.Release|Any CPU.Build.0 = Release|Any CPU
		{09863EAB-91EE-4350-BA3B-F18C82EFB3B0}.Debug|Any CPU.ActiveCfg = Debug|Any CPU
		{09863EAB-91EE-4350-BA3B-F18C82EFB3B0}.Debug|Any CPU.Build.0 = Debug|Any CPU
		{09863EAB-91EE-4350-BA3B-F18C82EFB3B0}.Release|Any CPU.ActiveCfg = Release|Any CPU
		{09863EAB-91EE-4350-BA3B-F18C82EFB3B0}.Release|Any CPU.Build.0 = Release|Any CPU
		{A18F6BF8-3E93-48F2-BE9B-3E02F720F8B1}.Debug|Any CPU.ActiveCfg = Debug|Any CPU
		{A18F6BF8-3E93-48F2-BE9B-3E02F720F8B1}.Debug|Any CPU.Build.0 = Debug|Any CPU
		{A18F6BF8-3E93-48F2-BE9B-3E02F720F8B1}.Release|Any CPU.ActiveCfg = Release|Any CPU
		{A18F6BF8-3E93-48F2-BE9B-3E02F720F8B1}.Release|Any CPU.Build.0 = Release|Any CPU
		{828C7469-ED7E-4DC8-B710-AA5CCF812109}.Debug|Any CPU.ActiveCfg = Debug|Any CPU
		{828C7469-ED7E-4DC8-B710-AA5CCF812109}.Debug|Any CPU.Build.0 = Debug|Any CPU
		{828C7469-ED7E-4DC8-B710-AA5CCF812109}.Release|Any CPU.ActiveCfg = Release|Any CPU
		{828C7469-ED7E-4DC8-B710-AA5CCF812109}.Release|Any CPU.Build.0 = Release|Any CPU
		{C84136A5-5741-4517-9E94-BB93AF3DF1B5}.Debug|Any CPU.ActiveCfg = Debug|Any CPU
		{C84136A5-5741-4517-9E94-BB93AF3DF1B5}.Debug|Any CPU.Build.0 = Debug|Any CPU
		{C84136A5-5741-4517-9E94-BB93AF3DF1B5}.Release|Any CPU.ActiveCfg = Release|Any CPU
		{C84136A5-5741-4517-9E94-BB93AF3DF1B5}.Release|Any CPU.Build.0 = Release|Any CPU
		{1893E7FA-90BF-4FE5-9404-C7F200966589}.Debug|Any CPU.ActiveCfg = Debug|Any CPU
		{1893E7FA-90BF-4FE5-9404-C7F200966589}.Debug|Any CPU.Build.0 = Debug|Any CPU
		{1893E7FA-90BF-4FE5-9404-C7F200966589}.Release|Any CPU.ActiveCfg = Release|Any CPU
		{1893E7FA-90BF-4FE5-9404-C7F200966589}.Release|Any CPU.Build.0 = Release|Any CPU
		{BA40E6A8-7B9D-4019-96FE-A6256AAE32FA}.Debug|Any CPU.ActiveCfg = Debug|Any CPU
		{BA40E6A8-7B9D-4019-96FE-A6256AAE32FA}.Debug|Any CPU.Build.0 = Debug|Any CPU
		{BA40E6A8-7B9D-4019-96FE-A6256AAE32FA}.Release|Any CPU.ActiveCfg = Release|Any CPU
		{BA40E6A8-7B9D-4019-96FE-A6256AAE32FA}.Release|Any CPU.Build.0 = Release|Any CPU
		{944D72B3-17BC-40F4-AED4-73E4288119D0}.Debug|Any CPU.ActiveCfg = Debug|Any CPU
		{944D72B3-17BC-40F4-AED4-73E4288119D0}.Debug|Any CPU.Build.0 = Debug|Any CPU
		{944D72B3-17BC-40F4-AED4-73E4288119D0}.Release|Any CPU.ActiveCfg = Release|Any CPU
		{944D72B3-17BC-40F4-AED4-73E4288119D0}.Release|Any CPU.Build.0 = Release|Any CPU
		{35677D3B-0F81-4D9F-A0CE-A248C2146511}.Debug|Any CPU.ActiveCfg = Debug|Any CPU
		{35677D3B-0F81-4D9F-A0CE-A248C2146511}.Debug|Any CPU.Build.0 = Debug|Any CPU
		{35677D3B-0F81-4D9F-A0CE-A248C2146511}.Release|Any CPU.ActiveCfg = Release|Any CPU
		{35677D3B-0F81-4D9F-A0CE-A248C2146511}.Release|Any CPU.Build.0 = Release|Any CPU
		{25CAB6A0-A221-4F1E-B721-27566F1CAE9F}.Debug|Any CPU.ActiveCfg = Debug|Any CPU
		{25CAB6A0-A221-4F1E-B721-27566F1CAE9F}.Debug|Any CPU.Build.0 = Debug|Any CPU
		{25CAB6A0-A221-4F1E-B721-27566F1CAE9F}.Release|Any CPU.ActiveCfg = Release|Any CPU
		{25CAB6A0-A221-4F1E-B721-27566F1CAE9F}.Release|Any CPU.Build.0 = Release|Any CPU
		{0E8EDDDC-F7EB-41A9-82DD-2F0ABD5A305F}.Debug|Any CPU.ActiveCfg = Debug|Any CPU
		{0E8EDDDC-F7EB-41A9-82DD-2F0ABD5A305F}.Debug|Any CPU.Build.0 = Debug|Any CPU
		{0E8EDDDC-F7EB-41A9-82DD-2F0ABD5A305F}.Release|Any CPU.ActiveCfg = Release|Any CPU
		{0E8EDDDC-F7EB-41A9-82DD-2F0ABD5A305F}.Release|Any CPU.Build.0 = Release|Any CPU
		{505DFD5F-2565-4338-A2EF-5140F2020822}.Debug|Any CPU.ActiveCfg = Debug|Any CPU
		{505DFD5F-2565-4338-A2EF-5140F2020822}.Debug|Any CPU.Build.0 = Debug|Any CPU
		{505DFD5F-2565-4338-A2EF-5140F2020822}.Release|Any CPU.ActiveCfg = Release|Any CPU
		{505DFD5F-2565-4338-A2EF-5140F2020822}.Release|Any CPU.Build.0 = Release|Any CPU
	EndGlobalSection
	GlobalSection(SolutionProperties) = preSolution
		HideSolutionNode = FALSE
	EndGlobalSection
	GlobalSection(ExtensibilityGlobals) = postSolution
		SolutionGuid = {5C4D3A82-21FC-4D1B-B0C6-96A5BC290770}
	EndGlobalSection
EndGlobal
